
Microsoft Visual Studio Solution File, Format Version 12.00
# Visual Studio 2013
VisualStudioVersion = 12.0.21005.1
MinimumVisualStudioVersion = 10.0.40219.1
Project("{FAE04EC0-301F-11D3-BF4B-00C04F79EFBC}") = "WebApi", "WebApi\WebApi.csproj", "{7A0567FA-D918-4B7F-AE4A-054B86AE8FC5}"
EndProject
Project("{FAE04EC0-301F-11D3-BF4B-00C04F79EFBC}") = "Web", "Web\Web.csproj", "{73AA835B-A463-4007-9C0D-9ED48E4060DE}"
EndProject
Global
	GlobalSection(SolutionConfigurationPlatforms) = preSolution
		Debug|Any CPU = Debug|Any CPU
		Release|Any CPU = Release|Any CPU
	EndGlobalSection
	GlobalSection(ProjectConfigurationPlatforms) = postSolution
		{7A0567FA-D918-4B7F-AE4A-054B86AE8FC5}.Debug|Any CPU.ActiveCfg = Debug|Any CPU
		{7A0567FA-D918-4B7F-AE4A-054B86AE8FC5}.Debug|Any CPU.Build.0 = Debug|Any CPU
		{7A0567FA-D918-4B7F-AE4A-054B86AE8FC5}.Release|Any CPU.ActiveCfg = Release|Any CPU
		{7A0567FA-D918-4B7F-AE4A-054B86AE8FC5}.Release|Any CPU.Build.0 = Release|Any CPU
		{73AA835B-A463-4007-9C0D-9ED48E4060DE}.Debug|Any CPU.ActiveCfg = Debug|Any CPU
		{73AA835B-A463-4007-9C0D-9ED48E4060DE}.Debug|Any CPU.Build.0 = Debug|Any CPU
		{73AA835B-A463-4007-9C0D-9ED48E4060DE}.Release|Any CPU.ActiveCfg = Release|Any CPU
		{73AA835B-A463-4007-9C0D-9ED48E4060DE}.Release|Any CPU.Build.0 = Release|Any CPU
	EndGlobalSection
	GlobalSection(SolutionProperties) = preSolution
		HideSolutionNode = FALSE
	EndGlobalSection
EndGlobal
